github.com/VividCortex/ewma v1.2.0 h1:f58SaIzcDXrSy3kWaHNvuJgJ3Nmz59Zji6XoJR/q1ow=
github.com/VividCortex/ewma v1.2.0/go.mod h1:nz4BbCtbLyFDeC9SUHbtcT5644juEuWfUAUnGx7j5l4=
github.com/bogem/id3v2 v1.2.0 h1:hKDF+F1gOgQ5r1QmBCEZUk4MveJbKxCeIDSBU7CQ4oI=
github.com/bogem/id3v2 v1.2.0/go.mod h1:t78PK5AQ56Q47kizpYiV6gtjj3jfxlz87oFpty8DYs8=
github.com/cheggaaa/pb/v3 v3.1.4 h1:DN8j4TVVdKu3WxVwcRKu0sG00IIU6FewoABZzXbRQeo=
github.com/cheggaaa/pb/v3 v3.1.4/go.mod h1:6wVjILNBaXMs8c21qRiaUM8BR82erfgau1DQ4iUXmSA=
github.com/cheggaaa/pb/v3 v3.1.5 h1:QuuUzeM2WsAqG2gMqtzaWithDJv0i+i6UlnwSCI4QLk=
github.com/cheggaaa/pb/v3 v3.1.5/go.mod h1:CrxkeghYTXi1lQBEI7jSn+3svI3cuc19haAj6jM60XI=
github.com/chzyer/logex v1.1.10 h1:Swpa1K6QvQznwJRcfTfQJmTE72DqScAa40E+fbHEXEE=
github.com/chzyer/logex v1.1.10/go.mod h1:+Ywpsq7O8HXn0nuIou7OrIPyXbp3wmkHB+jjWRnGsAI=
github.com/chzyer/readline v0.0.0-20180603132655-2972be24d48e h1:fY5BOSpyZCqRo5OhCuC+XN+r/bBCmeuuJtjz+bCNIf8=
github.com/chzyer/readline v0.0.0-20180603132655-2972be24d48e/go.mod h1:nSuG5e5PlCu98SY8svDHJxuZscDgtXS6KTTbou5AhLI=
github.com/chzyer/test v0.0.0-20180213035817-a1ea475d72b1 h1:q763qf9huN11kDQavWsoZXJNW3xEE4JJyHa5Q25/sd8=
github.com/chzyer/test v0.0.0-20180213035817-a1ea475d72b1/go.mod h1:Q3SI9o4m/ZMnBNeIyt5eFwwo7qiLfzFZmjNmxjkiQlU=
github.com/dustin/go-humanize v1.0.1 h1:GzkhY7T5VNhEkwH0PVJgjz+fX1rhBrR7pRT3mDkpeCY=
github.com/dustin/go-humanize v1.0.1/go.mod h1:Mu1zIs6XwVuF/gI1OepvI0qD18qycQx+mFykh5fBlto=
github.com/fatih/color v1.15.0 h1:kOqh6YHBtK8aywxGerMG2Eq3H6Qgoqeo13Bk2Mv/nBs=
github.com/fatih/color v1.15.0/go.mod h1:0h5ZqXfHYED7Bhv2ZJamyIOUej9KtShiJESRwBDUSsw=
github.com/glebarez/go-sqlite v1.21.2 h1:3a6LFC4sKahUunAmynQKLZceZCOzUthkRkEAl9gAXWo=
github.com/glebarez/go-sqlite v1.21.2/go.mod h1:sfxdZyhQjTM2Wry3gVYWaW072Ri1WMdWJi0k6+3382k=
github.com/google/pprof v0.0.0-20221118152302-e6195bd50e26 h1:Xim43kblpZXfIBQsbuBVKCudVG457BR2GZFIz3uw3hQ=
github.com/google/pprof v0.0.0-20221118152302-e6195bd50e26/go.mod h1:dDKJzRmX4S37WGHujM7tX//fmj1uioxKzKxz3lo4HJo=
github.com/google/uuid v1.3.0 h1:t6JiXgmwXMjEs8VusXIJk2BXHsn+wx8BZdTaoZ5fu7I=
github.com/google/uuid v1.3.0/go.mod h1:TIyPZe4MgqvfeYDBFedMoGGpEw/LqOeaOT+nhxU+yHo=
github.com/manifoldco/promptui v0.9.0 h1:3V4HzJk1TtXW1MTZMP7mdlwbBpIinw3HztaIlYthEiA=
github.com/manifoldco/promptui v0.9.0/go.mod h1:ka04sppxSGFAtxX0qhlYQjISsg9mR4GWtQEhdbn6Pgg=
github.com/mattn/go-colorable v0.1.13 h1:fFA4WZxdEF4tXPZVKMLwD8oUnCTTo08duU7wxecdEvA=
github.com/mattn/go-colorable v0.1.13/go.mod h1:7S9/ev0klgBDR4GtXTXX8a3vIGJpMovkB8vQcUbaXHg=
github.com/mattn/go-isatty v0.0.16/go.mod h1:kYGgaQfpe5nmfYZH+SKPsOc2e4SrIfOl2e/yFXSvRLM=
github.com/mattn/go-isatty v0.0.19 h1:JITubQf0MOLdlGRuRq+jtsDlekdYPia9ZFsB8h/APPA=
github.com/mattn/go-isatty v0.0.19/go.mod h1:W+V8PltTTMOvKvAeJH7IuucS94S2C6jfK/D7dTCTo3Y=
github.com/mattn/go-runewidth v0.0.14 h1:+xnbZSEeDbOIg5/mE6JF0w6n9duR1l3/WmbinWVwUuU=
github.com/mattn/go-runewidth v0.0.14/go.mod h1:Jdepj2loyihRzMpdS35Xk/zdY8IAYHsh153qUoGf23w=
github.com/mattn/go-runewidth v0.0.15 h1:UNAjwbU9l54TA3KzvqLGxwWjHmMgBUVhBiTjelZgg3U=
github.com/mattn/go-runewidth v0.0.15/go.mod h1:Jdepj2loyihRzMpdS35Xk/zdY8IAYHsh153qUoGf23w=
github.com/remyoudompheng/bigfft v0.0.0-20200410134404-eec4a21b6bb0/go.mod h1:qqbHyh8v60DhA7CoWK5oRCqLrMHRGoxYCSS9EjAz6Eo=
github.com/remyoudompheng/bigfft v0.0.0-20230129092748-24d4a6f8daec h1:W09IVJc94icq4NjY3clb7Lk8O1qJ8BdBEF8z0ibU0rE=
github.com/remyoudompheng/bigfft v0.0.0-20230129092748-24d4a6f8daec/go.mod h1:qqbHyh8v60DhA7CoWK5oRCqLrMHRGoxYCSS9EjAz6Eo=
github.com/rivo/uniseg v0.2.0 h1:S1pD9weZBuJdFmowNwbpi7BJ8TNftyUImj/0WQi72jY=
github.com/rivo/uniseg v0.2.0/go.mod h1:J6wj4VEh+S6ZtnVlnTBMWIodfgj8LQOQFoIToxlJtxc=
golang.org/x/sys v0.0.0-20181122145206-62eef0e2fa9b/go.mod h1:STP8DvDyc/dI5b8T5hshtkjS+E42TnysNCUPdjciGhY=
golang.org/x/sys v0.0.0-20220811171246-fbc7d0a398ab/go.mod h1:oPkhp1MJrh7nUepCBck5+mAzfO9JrbApNNgaTdGDITg=
golang.org/x/sys v0.6.0/go.mod h1:oPkhp1MJrh7nUepCBck5+mAzfO9JrbApNNgaTdGDITg=
golang.org/x/sys v0.7.0 h1:3jlCCIQZPdOYu1h8BkNvLz8Kgwtae2cagcG/VamtZRU=
golang.org/x/sys v0.7.0/go.mod h1:oPkhp1MJrh7nUepCBck5+mAzfO9JrbApNNgaTdGDITg=
golang.org/x/text v0.3.2 h1:tW2bmiBqwgJj/UpqtC8EpXEZVYOwU0yG4iWbprSVAcs=
golang.org/x/text v0.3.2/go.mod h1:bEr9sfX3Q8Zfm5fL9x+3itogRgK3+ptLWKqgva+5dAk=
golang.org/x/tools v0.0.0-20180917221912-90fa682c2a6e/go.mod h1:n7NCudcB/nEzxVGmLbDWY5pfWTLqBcC2KZ6jyYvM4mQ=
modernc.org/libc v1.22.5 h1:91BNch/e5B0uPbJFgqbxXuOnxBQjlS//icfQEGmvyjE=
modernc.org/libc v1.22.5/go.mod h1:jj+Z7dTNX8fBScMVNRAYZ/jF91K8fdT2hYMThc3YjBY=
modernc.org/mathutil v1.5.0 h1:rV0Ko/6SfM+8G+yKiyI830l3Wuz1zRutdslNoQ0kfiQ=
modernc.org/mathutil v1.5.0/go.mod h1:mZW8CKdRPY1v87qxC/wUdX5O1qDzXMP5TH3wjfpga6E=
modernc.org/memory v1.5.0 h1:N+/8c5rE6EqugZwHii4IFsaJ7MUhoWX07J5tC/iI5Ds=
modernc.org/memory v1.5.0/go.mod h1:PkUhL0Mugw21sHPeskwZW4D6VscE/GQJOnIpCnW6pSU=
modernc.org/sqlite v1.23.1 h1:nrSBg4aRQQwq59JpvGEQ15tNxoO5pX/kUjcRNwSAGQM=
modernc.org/sqlite v1.23.1/go.mod h1:OrDj17Mggn6MhE+iPbBNf7RGKODDE9NFT0f3EwDzJqk=
